// !$*UTF8*$!
{
	archiveVersion = 1;
	classes = {
	};
	objectVersion = 51;
	objects = {

/* Begin PBXBuildFile section */
		5C3951912551431600C6AEB8 /* IssueFilter.storyboard in Resources */ = {isa = PBXBuildFile; fileRef = 5C3951902551431600C6AEB8 /* IssueFilter.storyboard */; };
		5C3951942551438A00C6AEB8 /* IssueFilterViewController.swift in Sources */ = {isa = PBXBuildFile; fileRef = 5C3951932551438A00C6AEB8 /* IssueFilterViewController.swift */; };
		5C4F34802547DAEE00E41121 /* LoginValidator.swift in Sources */ = {isa = PBXBuildFile; fileRef = 5C4F347F2547DAEE00E41121 /* LoginValidator.swift */; };
		5C4F34842547E3BF00E41121 /* LoginViewModel.swift in Sources */ = {isa = PBXBuildFile; fileRef = 5C4F34832547E3BF00E41121 /* LoginViewModel.swift */; };
		5CFED72E25492EE200DE811F /* SceneDelegate.swift in Sources */ = {isa = PBXBuildFile; fileRef = 5CFED72B25492EE200DE811F /* SceneDelegate.swift */; };
		5CFED72F25492EE200DE811F /* IssueViewController.swift in Sources */ = {isa = PBXBuildFile; fileRef = 5CFED72C25492EE200DE811F /* IssueViewController.swift */; };
		5CFED73025492EE200DE811F /* AppDelegate.swift in Sources */ = {isa = PBXBuildFile; fileRef = 5CFED72D25492EE200DE811F /* AppDelegate.swift */; };
		5CFED7332549325300DE811F /* IssueSection.swift in Sources */ = {isa = PBXBuildFile; fileRef = 5CFED7322549325300DE811F /* IssueSection.swift */; };
		5CFED7432549381400DE811F /* Issue.storyboard in Resources */ = {isa = PBXBuildFile; fileRef = 5CFED7422549381400DE811F /* Issue.storyboard */; };
		5CFED74B254943CE00DE811F /* NewIssueButton.swift in Sources */ = {isa = PBXBuildFile; fileRef = 5CFED74A254943CE00DE811F /* NewIssueButton.swift */; };
		5CFED74E254949BC00DE811F /* UpdateIssueViewController.swift in Sources */ = {isa = PBXBuildFile; fileRef = 5CFED74D254949BC00DE811F /* UpdateIssueViewController.swift */; };
		BD02F13525512F500013C643 /* KeychainService.h in Headers */ = {isa = PBXBuildFile; fileRef = BD02F13325512F500013C643 /* KeychainService.h */; settings = {ATTRIBUTES = (Public, ); }; };
		BD02F13825512F500013C643 /* KeychainService.framework in Frameworks */ = {isa = PBXBuildFile; fileRef = BD02F13125512F500013C643 /* KeychainService.framework */; };
		BD02F13925512F500013C643 /* KeychainService.framework in Embed Frameworks */ = {isa = PBXBuildFile; fileRef = BD02F13125512F500013C643 /* KeychainService.framework */; settings = {ATTRIBUTES = (CodeSignOnCopy, RemoveHeadersOnCopy, ); }; };
		BD02F14425512F860013C643 /* SecureStoreQueryable.swift in Sources */ = {isa = PBXBuildFile; fileRef = BD02F13F25512F850013C643 /* SecureStoreQueryable.swift */; };
		BD02F14525512F860013C643 /* InternetProtocol.swift in Sources */ = {isa = PBXBuildFile; fileRef = BD02F14025512F860013C643 /* InternetProtocol.swift */; };
		BD02F14625512F860013C643 /* SecureStoreError.swift in Sources */ = {isa = PBXBuildFile; fileRef = BD02F14125512F860013C643 /* SecureStoreError.swift */; };
		BD02F14725512F860013C643 /* SecureStore.swift in Sources */ = {isa = PBXBuildFile; fileRef = BD02F14225512F860013C643 /* SecureStore.swift */; };
		BD02F14825512F860013C643 /* InternetAuthenticationType.swift in Sources */ = {isa = PBXBuildFile; fileRef = BD02F14325512F860013C643 /* InternetAuthenticationType.swift */; };
		BD090CF825480C3500454C79 /* Issue.swift in Sources */ = {isa = PBXBuildFile; fileRef = BD090CF725480C3500454C79 /* Issue.swift */; };
		BD090CFB25480D1500454C79 /* IssueList.swift in Sources */ = {isa = PBXBuildFile; fileRef = BD090CFA25480D1500454C79 /* IssueList.swift */; };
		BD090CFE254815BA00454C79 /* IssueCell.swift in Sources */ = {isa = PBXBuildFile; fileRef = BD090CFD254815BA00454C79 /* IssueCell.swift */; };
		BD090D012548211300454C79 /* IssueHeader.swift in Sources */ = {isa = PBXBuildFile; fileRef = BD090D002548211300454C79 /* IssueHeader.swift */; };
		BD090D1B2548399700454C79 /* Login.storyboard in Resources */ = {isa = PBXBuildFile; fileRef = BD090D1A2548399700454C79 /* Login.storyboard */; };
		BD090D2225483AD100454C79 /* LoginViewController.swift in Sources */ = {isa = PBXBuildFile; fileRef = BD090D2125483AD100454C79 /* LoginViewController.swift */; };
		BD090D3425495F6700454C79 /* IssueContentTextView.swift in Sources */ = {isa = PBXBuildFile; fileRef = BD090D3325495F6700454C79 /* IssueContentTextView.swift */; };
		BDD18CF72546E5EC00974FB4 /* Assets.xcassets in Resources */ = {isa = PBXBuildFile; fileRef = BDD18CF62546E5EC00974FB4 /* Assets.xcassets */; };
		BDD18CFA2546E5EC00974FB4 /* LaunchScreen.storyboard in Resources */ = {isa = PBXBuildFile; fileRef = BDD18CF82546E5EC00974FB4 /* LaunchScreen.storyboard */; };
		BDD18D032547B4D000974FB4 /* SignInButton.swift in Sources */ = {isa = PBXBuildFile; fileRef = BDD18D022547B4D000974FB4 /* SignInButton.swift */; };
		E31E97D286B47038D68F2141 /* Pods_IssueTrackerApp.framework in Frameworks */ = {isa = PBXBuildFile; fileRef = 8997B99C248D0ACDADB72D03 /* Pods_IssueTrackerApp.framework */; };
/* End PBXBuildFile section */

/* Begin PBXContainerItemProxy section */
		BD02F13625512F500013C643 /* PBXContainerItemProxy */ = {
			isa = PBXContainerItemProxy;
			containerPortal = BDD18CE22546E5E900974FB4 /* Project object */;
			proxyType = 1;
			remoteGlobalIDString = BD02F13025512F500013C643;
			remoteInfo = KeychainService;
		};
/* End PBXContainerItemProxy section */

/* Begin PBXCopyFilesBuildPhase section */
		BD02F13A25512F500013C643 /* Embed Frameworks */ = {
			isa = PBXCopyFilesBuildPhase;
			buildActionMask = 2147483647;
			dstPath = "";
			dstSubfolderSpec = 10;
			files = (
				BD02F13925512F500013C643 /* KeychainService.framework in Embed Frameworks */,
			);
			name = "Embed Frameworks";
			runOnlyForDeploymentPostprocessing = 0;
		};
/* End PBXCopyFilesBuildPhase section */

/* Begin PBXFileReference section */
		0B53A19D9BB8499500CE46F2 /* Pods-IssueTrackerApp.debug.xcconfig */ = {isa = PBXFileReference; includeInIndex = 1; lastKnownFileType = text.xcconfig; name = "Pods-IssueTrackerApp.debug.xcconfig"; path = "Target Support Files/Pods-IssueTrackerApp/Pods-IssueTrackerApp.debug.xcconfig"; sourceTree = "<group>"; };
		5C395189255005F700C6AEB8 /* IssueTrackerApp.entitlements */ = {isa = PBXFileReference; lastKnownFileType = text.plist.entitlements; path = IssueTrackerApp.entitlements; sourceTree = "<group>"; };
		5C3951902551431600C6AEB8 /* IssueFilter.storyboard */ = {isa = PBXFileReference; lastKnownFileType = file.storyboard; path = IssueFilter.storyboard; sourceTree = "<group>"; };
		5C3951932551438A00C6AEB8 /* IssueFilterViewController.swift */ = {isa = PBXFileReference; lastKnownFileType = sourcecode.swift; path = IssueFilterViewController.swift; sourceTree = "<group>"; };
		5C4F347F2547DAEE00E41121 /* LoginValidator.swift */ = {isa = PBXFileReference; lastKnownFileType = sourcecode.swift; path = LoginValidator.swift; sourceTree = "<group>"; };
		5C4F34832547E3BF00E41121 /* LoginViewModel.swift */ = {isa = PBXFileReference; lastKnownFileType = sourcecode.swift; path = LoginViewModel.swift; sourceTree = "<group>"; };
		5CFED72B25492EE200DE811F /* SceneDelegate.swift */ = {isa = PBXFileReference; fileEncoding = 4; lastKnownFileType = sourcecode.swift; path = SceneDelegate.swift; sourceTree = "<group>"; };
		5CFED72C25492EE200DE811F /* IssueViewController.swift */ = {isa = PBXFileReference; fileEncoding = 4; lastKnownFileType = sourcecode.swift; path = IssueViewController.swift; sourceTree = "<group>"; };
		5CFED72D25492EE200DE811F /* AppDelegate.swift */ = {isa = PBXFileReference; fileEncoding = 4; lastKnownFileType = sourcecode.swift; path = AppDelegate.swift; sourceTree = "<group>"; };
		5CFED7322549325300DE811F /* IssueSection.swift */ = {isa = PBXFileReference; lastKnownFileType = sourcecode.swift; path = IssueSection.swift; sourceTree = "<group>"; };
		5CFED7422549381400DE811F /* Issue.storyboard */ = {isa = PBXFileReference; lastKnownFileType = file.storyboard; path = Issue.storyboard; sourceTree = "<group>"; };
		5CFED74A254943CE00DE811F /* NewIssueButton.swift */ = {isa = PBXFileReference; lastKnownFileType = sourcecode.swift; path = NewIssueButton.swift; sourceTree = "<group>"; };
		5CFED74D254949BC00DE811F /* UpdateIssueViewController.swift */ = {isa = PBXFileReference; lastKnownFileType = sourcecode.swift; path = UpdateIssueViewController.swift; sourceTree = "<group>"; };
		8997B99C248D0ACDADB72D03 /* Pods_IssueTrackerApp.framework */ = {isa = PBXFileReference; explicitFileType = wrapper.framework; includeInIndex = 0; path = Pods_IssueTrackerApp.framework; sourceTree = BUILT_PRODUCTS_DIR; };
		BD02F13125512F500013C643 /* KeychainService.framework */ = {isa = PBXFileReference; explicitFileType = wrapper.framework; includeInIndex = 0; path = KeychainService.framework; sourceTree = BUILT_PRODUCTS_DIR; };
		BD02F13325512F500013C643 /* KeychainService.h */ = {isa = PBXFileReference; lastKnownFileType = sourcecode.c.h; path = KeychainService.h; sourceTree = "<group>"; };
		BD02F13425512F500013C643 /* Info.plist */ = {isa = PBXFileReference; lastKnownFileType = text.plist.xml; path = Info.plist; sourceTree = "<group>"; };
		BD02F13F25512F850013C643 /* SecureStoreQueryable.swift */ = {isa = PBXFileReference; fileEncoding = 4; lastKnownFileType = sourcecode.swift; path = SecureStoreQueryable.swift; sourceTree = "<group>"; };
		BD02F14025512F860013C643 /* InternetProtocol.swift */ = {isa = PBXFileReference; fileEncoding = 4; lastKnownFileType = sourcecode.swift; path = InternetProtocol.swift; sourceTree = "<group>"; };
		BD02F14125512F860013C643 /* SecureStoreError.swift */ = {isa = PBXFileReference; fileEncoding = 4; lastKnownFileType = sourcecode.swift; path = SecureStoreError.swift; sourceTree = "<group>"; };
		BD02F14225512F860013C643 /* SecureStore.swift */ = {isa = PBXFileReference; fileEncoding = 4; lastKnownFileType = sourcecode.swift; path = SecureStore.swift; sourceTree = "<group>"; };
		BD02F14325512F860013C643 /* InternetAuthenticationType.swift */ = {isa = PBXFileReference; fileEncoding = 4; lastKnownFileType = sourcecode.swift; path = InternetAuthenticationType.swift; sourceTree = "<group>"; };
		BD090CF725480C3500454C79 /* Issue.swift */ = {isa = PBXFileReference; lastKnownFileType = sourcecode.swift; path = Issue.swift; sourceTree = "<group>"; };
		BD090CFA25480D1500454C79 /* IssueList.swift */ = {isa = PBXFileReference; lastKnownFileType = sourcecode.swift; path = IssueList.swift; sourceTree = "<group>"; };
		BD090CFD254815BA00454C79 /* IssueCell.swift */ = {isa = PBXFileReference; lastKnownFileType = sourcecode.swift; path = IssueCell.swift; sourceTree = "<group>"; };
		BD090D002548211300454C79 /* IssueHeader.swift */ = {isa = PBXFileReference; lastKnownFileType = sourcecode.swift; path = IssueHeader.swift; sourceTree = "<group>"; };
		BD090D1A2548399700454C79 /* Login.storyboard */ = {isa = PBXFileReference; lastKnownFileType = file.storyboard; path = Login.storyboard; sourceTree = "<group>"; };
		BD090D2125483AD100454C79 /* LoginViewController.swift */ = {isa = PBXFileReference; fileEncoding = 4; lastKnownFileType = sourcecode.swift; path = LoginViewController.swift; sourceTree = "<group>"; };
		BD090D3325495F6700454C79 /* IssueContentTextView.swift */ = {isa = PBXFileReference; lastKnownFileType = sourcecode.swift; path = IssueContentTextView.swift; sourceTree = "<group>"; };
		BDD18CEA2546E5E900974FB4 /* IssueTrackerApp.app */ = {isa = PBXFileReference; explicitFileType = wrapper.application; includeInIndex = 0; path = IssueTrackerApp.app; sourceTree = BUILT_PRODUCTS_DIR; };
		BDD18CF62546E5EC00974FB4 /* Assets.xcassets */ = {isa = PBXFileReference; lastKnownFileType = folder.assetcatalog; path = Assets.xcassets; sourceTree = "<group>"; };
		BDD18CF92546E5EC00974FB4 /* Base */ = {isa = PBXFileReference; lastKnownFileType = file.storyboard; name = Base; path = Base.lproj/LaunchScreen.storyboard; sourceTree = "<group>"; };
		BDD18CFB2546E5EC00974FB4 /* Info.plist */ = {isa = PBXFileReference; lastKnownFileType = text.plist.xml; path = Info.plist; sourceTree = "<group>"; };
		BDD18D022547B4D000974FB4 /* SignInButton.swift */ = {isa = PBXFileReference; lastKnownFileType = sourcecode.swift; path = SignInButton.swift; sourceTree = "<group>"; };
		D4EADA6AA7F2815DF6270443 /* Pods-IssueTrackerApp.release.xcconfig */ = {isa = PBXFileReference; includeInIndex = 1; lastKnownFileType = text.xcconfig; name = "Pods-IssueTrackerApp.release.xcconfig"; path = "Target Support Files/Pods-IssueTrackerApp/Pods-IssueTrackerApp.release.xcconfig"; sourceTree = "<group>"; };
/* End PBXFileReference section */

/* Begin PBXFrameworksBuildPhase section */
		BD02F12E25512F500013C643 /* Frameworks */ = {
			isa = PBXFrameworksBuildPhase;
			buildActionMask = 2147483647;
			files = (
			);
			runOnlyForDeploymentPostprocessing = 0;
		};
		BDD18CE72546E5E900974FB4 /* Frameworks */ = {
			isa = PBXFrameworksBuildPhase;
			buildActionMask = 2147483647;
			files = (
				BD02F13825512F500013C643 /* KeychainService.framework in Frameworks */,
				E31E97D286B47038D68F2141 /* Pods_IssueTrackerApp.framework in Frameworks */,
			);
			runOnlyForDeploymentPostprocessing = 0;
		};
/* End PBXFrameworksBuildPhase section */

/* Begin PBXGroup section */
		3C40FC26438E5963BDABC6E8 /* Pods */ = {
			isa = PBXGroup;
			children = (
				0B53A19D9BB8499500CE46F2 /* Pods-IssueTrackerApp.debug.xcconfig */,
				D4EADA6AA7F2815DF6270443 /* Pods-IssueTrackerApp.release.xcconfig */,
			);
			path = Pods;
			sourceTree = "<group>";
		};
		5CFED7362549375D00DE811F /* ViewController */ = {
			isa = PBXGroup;
			children = (
				5CFED72C25492EE200DE811F /* IssueViewController.swift */,
				BD090D2125483AD100454C79 /* LoginViewController.swift */,
				5CFED74D254949BC00DE811F /* UpdateIssueViewController.swift */,
				5C3951932551438A00C6AEB8 /* IssueFilterViewController.swift */,
			);
			path = ViewController;
			sourceTree = "<group>";
		};
		5CFED7372549377700DE811F /* Model */ = {
			isa = PBXGroup;
			children = (
				BD090CF725480C3500454C79 /* Issue.swift */,
				BD090CFA25480D1500454C79 /* IssueList.swift */,
				5C4F347F2547DAEE00E41121 /* LoginValidator.swift */,
				5CFED7322549325300DE811F /* IssueSection.swift */,
			);
			path = Model;
			sourceTree = "<group>";
		};
		5CFED73B2549378400DE811F /* View */ = {
			isa = PBXGroup;
			children = (
				BD090CFD254815BA00454C79 /* IssueCell.swift */,
				BD090D002548211300454C79 /* IssueHeader.swift */,
				BDD18D022547B4D000974FB4 /* SignInButton.swift */,
				5CFED74A254943CE00DE811F /* NewIssueButton.swift */,
				BD090D3325495F6700454C79 /* IssueContentTextView.swift */,
			);
			path = View;
			sourceTree = "<group>";
		};
		5CFED73F2549379900DE811F /* ViewModel */ = {
			isa = PBXGroup;
			children = (
				5C4F34832547E3BF00E41121 /* LoginViewModel.swift */,
			);
			path = ViewModel;
			sourceTree = "<group>";
		};
		5CFED741254937F100DE811F /* Resource */ = {
			isa = PBXGroup;
			children = (
				BD090D1A2548399700454C79 /* Login.storyboard */,
				5CFED7422549381400DE811F /* Issue.storyboard */,
				5C3951902551431600C6AEB8 /* IssueFilter.storyboard */,
			);
			path = Resource;
			sourceTree = "<group>";
		};
		BD02F13225512F500013C643 /* KeychainService */ = {
			isa = PBXGroup;
			children = (
				BD02F13325512F500013C643 /* KeychainService.h */,
				BD02F13425512F500013C643 /* Info.plist */,
				BD02F14325512F860013C643 /* InternetAuthenticationType.swift */,
				BD02F14025512F860013C643 /* InternetProtocol.swift */,
				BD02F14225512F860013C643 /* SecureStore.swift */,
				BD02F14125512F860013C643 /* SecureStoreError.swift */,
				BD02F13F25512F850013C643 /* SecureStoreQueryable.swift */,
			);
			path = KeychainService;
			sourceTree = "<group>";
		};
		BDD18CE12546E5E900974FB4 = {
			isa = PBXGroup;
			children = (
				BDD18CEC2546E5E900974FB4 /* IssueTrackerApp */,
				BD02F13225512F500013C643 /* KeychainService */,
				BDD18CEB2546E5E900974FB4 /* Products */,
				3C40FC26438E5963BDABC6E8 /* Pods */,
				DA45A936224CE87AC459FFA8 /* Frameworks */,
			);
			sourceTree = "<group>";
		};
		BDD18CEB2546E5E900974FB4 /* Products */ = {
			isa = PBXGroup;
			children = (
				BDD18CEA2546E5E900974FB4 /* IssueTrackerApp.app */,
				BD02F13125512F500013C643 /* KeychainService.framework */,
			);
			name = Products;
			sourceTree = "<group>";
		};
		BDD18CEC2546E5E900974FB4 /* IssueTrackerApp */ = {
			isa = PBXGroup;
			children = (
				5C395189255005F700C6AEB8 /* IssueTrackerApp.entitlements */,
				5CFED72D25492EE200DE811F /* AppDelegate.swift */,
				5CFED72B25492EE200DE811F /* SceneDelegate.swift */,
				5CFED7362549375D00DE811F /* ViewController */,
				5CFED7372549377700DE811F /* Model */,
				5CFED73B2549378400DE811F /* View */,
				5CFED73F2549379900DE811F /* ViewModel */,
				5CFED741254937F100DE811F /* Resource */,
				BDD18CF62546E5EC00974FB4 /* Assets.xcassets */,
				BDD18CF82546E5EC00974FB4 /* LaunchScreen.storyboard */,
				BDD18CFB2546E5EC00974FB4 /* Info.plist */,
			);
			path = IssueTrackerApp;
			sourceTree = "<group>";
		};
		DA45A936224CE87AC459FFA8 /* Frameworks */ = {
			isa = PBXGroup;
			children = (
				8997B99C248D0ACDADB72D03 /* Pods_IssueTrackerApp.framework */,
			);
			name = Frameworks;
			sourceTree = "<group>";
		};
/* End PBXGroup section */

/* Begin PBXHeadersBuildPhase section */
		BD02F12C25512F500013C643 /* Headers */ = {
			isa = PBXHeadersBuildPhase;
			buildActionMask = 2147483647;
			files = (
				BD02F13525512F500013C643 /* KeychainService.h in Headers */,
			);
			runOnlyForDeploymentPostprocessing = 0;
		};
/* End PBXHeadersBuildPhase section */

/* Begin PBXNativeTarget section */
		BD02F13025512F500013C643 /* KeychainService */ = {
			isa = PBXNativeTarget;
			buildConfigurationList = BD02F13D25512F500013C643 /* Build configuration list for PBXNativeTarget "KeychainService" */;
			buildPhases = (
				BD02F12C25512F500013C643 /* Headers */,
				BD02F12D25512F500013C643 /* Sources */,
				BD02F12E25512F500013C643 /* Frameworks */,
				BD02F12F25512F500013C643 /* Resources */,
			);
			buildRules = (
			);
			dependencies = (
			);
			name = KeychainService;
			productName = KeychainService;
			productReference = BD02F13125512F500013C643 /* KeychainService.framework */;
			productType = "com.apple.product-type.framework";
		};
		BDD18CE92546E5E900974FB4 /* IssueTrackerApp */ = {
			isa = PBXNativeTarget;
			buildConfigurationList = BDD18CFE2546E5EC00974FB4 /* Build configuration list for PBXNativeTarget "IssueTrackerApp" */;
			buildPhases = (
				34DBC2AB3A375294E4DCB799 /* [CP] Check Pods Manifest.lock */,
				BDD18CE62546E5E900974FB4 /* Sources */,
				BDD18CE72546E5E900974FB4 /* Frameworks */,
				BDD18CE82546E5E900974FB4 /* Resources */,
				43B68020F6C195C59CA85EB1 /* [CP] Embed Pods Frameworks */,
				BD02F13A25512F500013C643 /* Embed Frameworks */,
			);
			buildRules = (
			);
			dependencies = (
				BD02F13725512F500013C643 /* PBXTargetDependency */,
			);
			name = IssueTrackerApp;
			productName = IssueTrackerApp;
			productReference = BDD18CEA2546E5E900974FB4 /* IssueTrackerApp.app */;
			productType = "com.apple.product-type.application";
		};
/* End PBXNativeTarget section */

/* Begin PBXProject section */
		BDD18CE22546E5E900974FB4 /* Project object */ = {
			isa = PBXProject;
			attributes = {
				LastSwiftUpdateCheck = 1210;
				LastUpgradeCheck = 1210;
				TargetAttributes = {
					BD02F13025512F500013C643 = {
						CreatedOnToolsVersion = 12.1;
						LastSwiftMigration = 1210;
					};
					BDD18CE92546E5E900974FB4 = {
						CreatedOnToolsVersion = 12.1;
					};
				};
			};
			buildConfigurationList = BDD18CE52546E5E900974FB4 /* Build configuration list for PBXProject "IssueTrackerApp" */;
			compatibilityVersion = "Xcode 9.3";
			developmentRegion = en;
			hasScannedForEncodings = 0;
			knownRegions = (
				en,
				Base,
			);
			mainGroup = BDD18CE12546E5E900974FB4;
			productRefGroup = BDD18CEB2546E5E900974FB4 /* Products */;
			projectDirPath = "";
			projectRoot = "";
			targets = (
				BDD18CE92546E5E900974FB4 /* IssueTrackerApp */,
				BD02F13025512F500013C643 /* KeychainService */,
			);
		};
/* End PBXProject section */

/* Begin PBXResourcesBuildPhase section */
		BD02F12F25512F500013C643 /* Resources */ = {
			isa = PBXResourcesBuildPhase;
			buildActionMask = 2147483647;
			files = (
			);
			runOnlyForDeploymentPostprocessing = 0;
		};
		BDD18CE82546E5E900974FB4 /* Resources */ = {
			isa = PBXResourcesBuildPhase;
			buildActionMask = 2147483647;
			files = (
				5CFED7432549381400DE811F /* Issue.storyboard in Resources */,
				BD090D1B2548399700454C79 /* Login.storyboard in Resources */,
				5C3951912551431600C6AEB8 /* IssueFilter.storyboard in Resources */,
				BDD18CFA2546E5EC00974FB4 /* LaunchScreen.storyboard in Resources */,
				BDD18CF72546E5EC00974FB4 /* Assets.xcassets in Resources */,
			);
			runOnlyForDeploymentPostprocessing = 0;
		};
/* End PBXResourcesBuildPhase section */

/* Begin PBXShellScriptBuildPhase section */
		34DBC2AB3A375294E4DCB799 /* [CP] Check Pods Manifest.lock */ = {
			isa = PBXShellScriptBuildPhase;
			buildActionMask = 2147483647;
			files = (
			);
			inputFileListPaths = (
			);
			inputPaths = (
				"${PODS_PODFILE_DIR_PATH}/Podfile.lock",
				"${PODS_ROOT}/Manifest.lock",
			);
			name = "[CP] Check Pods Manifest.lock";
			outputFileListPaths = (
			);
			outputPaths = (
				"$(DERIVED_FILE_DIR)/Pods-IssueTrackerApp-checkManifestLockResult.txt",
			);
			runOnlyForDeploymentPostprocessing = 0;
			shellPath = /bin/sh;
			shellScript = "diff \"${PODS_PODFILE_DIR_PATH}/Podfile.lock\" \"${PODS_ROOT}/Manifest.lock\" > /dev/null\nif [ $? != 0 ] ; then\n    # print error to STDERR\n    echo \"error: The sandbox is not in sync with the Podfile.lock. Run 'pod install' or update your CocoaPods installation.\" >&2\n    exit 1\nfi\n# This output is used by Xcode 'outputs' to avoid re-running this script phase.\necho \"SUCCESS\" > \"${SCRIPT_OUTPUT_FILE_0}\"\n";
			showEnvVarsInLog = 0;
		};
		43B68020F6C195C59CA85EB1 /* [CP] Embed Pods Frameworks */ = {
			isa = PBXShellScriptBuildPhase;
			buildActionMask = 2147483647;
			files = (
			);
			inputFileListPaths = (
				"${PODS_ROOT}/Target Support Files/Pods-IssueTrackerApp/Pods-IssueTrackerApp-frameworks-${CONFIGURATION}-input-files.xcfilelist",
			);
			name = "[CP] Embed Pods Frameworks";
			outputFileListPaths = (
				"${PODS_ROOT}/Target Support Files/Pods-IssueTrackerApp/Pods-IssueTrackerApp-frameworks-${CONFIGURATION}-output-files.xcfilelist",
			);
			runOnlyForDeploymentPostprocessing = 0;
			shellPath = /bin/sh;
			shellScript = "\"${PODS_ROOT}/Target Support Files/Pods-IssueTrackerApp/Pods-IssueTrackerApp-frameworks.sh\"\n";
			showEnvVarsInLog = 0;
		};
/* End PBXShellScriptBuildPhase section */

/* Begin PBXSourcesBuildPhase section */
		BD02F12D25512F500013C643 /* Sources */ = {
			isa = PBXSourcesBuildPhase;
			buildActionMask = 2147483647;
			files = (
				BD02F14725512F860013C643 /* SecureStore.swift in Sources */,
				BD02F14825512F860013C643 /* InternetAuthenticationType.swift in Sources */,
				BD02F14625512F860013C643 /* SecureStoreError.swift in Sources */,
				BD02F14525512F860013C643 /* InternetProtocol.swift in Sources */,
				BD02F14425512F860013C643 /* SecureStoreQueryable.swift in Sources */,
			);
			runOnlyForDeploymentPostprocessing = 0;
		};
		BDD18CE62546E5E900974FB4 /* Sources */ = {
			isa = PBXSourcesBuildPhase;
			buildActionMask = 2147483647;
			files = (
				5CFED74B254943CE00DE811F /* NewIssueButton.swift in Sources */,
				5CFED73025492EE200DE811F /* AppDelegate.swift in Sources */,
				5CFED72F25492EE200DE811F /* IssueViewController.swift in Sources */,
				BD090D2225483AD100454C79 /* LoginViewController.swift in Sources */,
				BD090D3425495F6700454C79 /* IssueContentTextView.swift in Sources */,
				5CFED7332549325300DE811F /* IssueSection.swift in Sources */,
				BDD18D032547B4D000974FB4 /* SignInButton.swift in Sources */,
				5CFED72E25492EE200DE811F /* SceneDelegate.swift in Sources */,
				5C3951942551438A00C6AEB8 /* IssueFilterViewController.swift in Sources */,
				5C4F34842547E3BF00E41121 /* LoginViewModel.swift in Sources */,
				5C4F34802547DAEE00E41121 /* LoginValidator.swift in Sources */,
				BD090CFB25480D1500454C79 /* IssueList.swift in Sources */,
				BD090D012548211300454C79 /* IssueHeader.swift in Sources */,
				BD090CF825480C3500454C79 /* Issue.swift in Sources */,
				BD090CFE254815BA00454C79 /* IssueCell.swift in Sources */,
				5CFED74E254949BC00DE811F /* UpdateIssueViewController.swift in Sources */,
			);
			runOnlyForDeploymentPostprocessing = 0;
		};
/* End PBXSourcesBuildPhase section */

/* Begin PBXTargetDependency section */
		BD02F13725512F500013C643 /* PBXTargetDependency */ = {
			isa = PBXTargetDependency;
			target = BD02F13025512F500013C643 /* KeychainService */;
			targetProxy = BD02F13625512F500013C643 /* PBXContainerItemProxy */;
		};
/* End PBXTargetDependency section */

/* Begin PBXVariantGroup section */
		BDD18CF82546E5EC00974FB4 /* LaunchScreen.storyboard */ = {
			isa = PBXVariantGroup;
			children = (
				BDD18CF92546E5EC00974FB4 /* Base */,
			);
			name = LaunchScreen.storyboard;
			sourceTree = "<group>";
		};
/* End PBXVariantGroup section */

/* Begin XCBuildConfiguration section */
		BD02F13B25512F500013C643 /* Debug */ = {
			isa = XCBuildConfiguration;
			buildSettings = {
				CLANG_ENABLE_MODULES = YES;
				CODE_SIGN_STYLE = Automatic;
				CURRENT_PROJECT_VERSION = 1;
				DEFINES_MODULE = YES;
				DEVELOPMENT_TEAM = B3PWYBKFUK;
				DYLIB_COMPATIBILITY_VERSION = 1;
				DYLIB_CURRENT_VERSION = 1;
				DYLIB_INSTALL_NAME_BASE = "@rpath";
				INFOPLIST_FILE = KeychainService/Info.plist;
				INSTALL_PATH = "$(LOCAL_LIBRARY_DIR)/Frameworks";
				LD_RUNPATH_SEARCH_PATHS = (
					"$(inherited)",
					"@executable_path/Frameworks",
					"@loader_path/Frameworks",
				);
				PRODUCT_BUNDLE_IDENTIFIER = com.felix.KeychainService;
				PRODUCT_NAME = "$(TARGET_NAME:c99extidentifier)";
				SKIP_INSTALL = YES;
				SWIFT_OPTIMIZATION_LEVEL = "-Onone";
				SWIFT_VERSION = 5.0;
				TARGETED_DEVICE_FAMILY = "1,2";
				VERSIONING_SYSTEM = "apple-generic";
				VERSION_INFO_PREFIX = "";
			};
			name = Debug;
		};
		BD02F13C25512F500013C643 /* Release */ = {
			isa = XCBuildConfiguration;
			buildSettings = {
				CLANG_ENABLE_MODULES = YES;
				CODE_SIGN_STYLE = Automatic;
				CURRENT_PROJECT_VERSION = 1;
				DEFINES_MODULE = YES;
				DEVELOPMENT_TEAM = B3PWYBKFUK;
				DYLIB_COMPATIBILITY_VERSION = 1;
				DYLIB_CURRENT_VERSION = 1;
				DYLIB_INSTALL_NAME_BASE = "@rpath";
				INFOPLIST_FILE = KeychainService/Info.plist;
				INSTALL_PATH = "$(LOCAL_LIBRARY_DIR)/Frameworks";
				LD_RUNPATH_SEARCH_PATHS = (
					"$(inherited)",
					"@executable_path/Frameworks",
					"@loader_path/Frameworks",
				);
				PRODUCT_BUNDLE_IDENTIFIER = com.felix.KeychainService;
				PRODUCT_NAME = "$(TARGET_NAME:c99extidentifier)";
				SKIP_INSTALL = YES;
				SWIFT_VERSION = 5.0;
				TARGETED_DEVICE_FAMILY = "1,2";
				VERSIONING_SYSTEM = "apple-generic";
				VERSION_INFO_PREFIX = "";
			};
			name = Release;
		};
		BDD18CFC2546E5EC00974FB4 /* Debug */ = {
			isa = XCBuildConfiguration;
			buildSettings = {
				ALWAYS_SEARCH_USER_PATHS = NO;
				CLANG_ANALYZER_NONNULL = YES;
				CLANG_ANALYZER_NUMBER_OBJECT_CONVERSION = YES_AGGRESSIVE;
				CLANG_CXX_LANGUAGE_STANDARD = "gnu++14";
				CLANG_CXX_LIBRARY = "libc++";
				CLANG_ENABLE_MODULES = YES;
				CLANG_ENABLE_OBJC_ARC = YES;
				CLANG_ENABLE_OBJC_WEAK = YES;
				CLANG_WARN_BLOCK_CAPTURE_AUTORELEASING = YES;
				CLANG_WARN_BOOL_CONVERSION = YES;
				CLANG_WARN_COMMA = YES;
				CLANG_WARN_CONSTANT_CONVERSION = YES;
				CLANG_WARN_DEPRECATED_OBJC_IMPLEMENTATIONS = YES;
				CLANG_WARN_DIRECT_OBJC_ISA_USAGE = YES_ERROR;
				CLANG_WARN_DOCUMENTATION_COMMENTS = YES;
				CLANG_WARN_EMPTY_BODY = YES;
				CLANG_WARN_ENUM_CONVERSION = YES;
				CLANG_WARN_INFINITE_RECURSION = YES;
				CLANG_WARN_INT_CONVERSION = YES;
				CLANG_WARN_NON_LITERAL_NULL_CONVERSION = YES;
				CLANG_WARN_OBJC_IMPLICIT_RETAIN_SELF = YES;
				CLANG_WARN_OBJC_LITERAL_CONVERSION = YES;
				CLANG_WARN_OBJC_ROOT_CLASS = YES_ERROR;
				CLANG_WARN_QUOTED_INCLUDE_IN_FRAMEWORK_HEADER = YES;
				CLANG_WARN_RANGE_LOOP_ANALYSIS = YES;
				CLANG_WARN_STRICT_PROTOTYPES = YES;
				CLANG_WARN_SUSPICIOUS_MOVE = YES;
				CLANG_WARN_UNGUARDED_AVAILABILITY = YES_AGGRESSIVE;
				CLANG_WARN_UNREACHABLE_CODE = YES;
				CLANG_WARN__DUPLICATE_METHOD_MATCH = YES;
				COPY_PHASE_STRIP = NO;
				DEBUG_INFORMATION_FORMAT = dwarf;
				ENABLE_STRICT_OBJC_MSGSEND = YES;
				ENABLE_TESTABILITY = YES;
				GCC_C_LANGUAGE_STANDARD = gnu11;
				GCC_DYNAMIC_NO_PIC = NO;
				GCC_NO_COMMON_BLOCKS = YES;
				GCC_OPTIMIZATION_LEVEL = 0;
				GCC_PREPROCESSOR_DEFINITIONS = (
					"DEBUG=1",
					"$(inherited)",
				);
				GCC_WARN_64_TO_32_BIT_CONVERSION = YES;
				GCC_WARN_ABOUT_RETURN_TYPE = YES_ERROR;
				GCC_WARN_UNDECLARED_SELECTOR = YES;
				GCC_WARN_UNINITIALIZED_AUTOS = YES_AGGRESSIVE;
				GCC_WARN_UNUSED_FUNCTION = YES;
				GCC_WARN_UNUSED_VARIABLE = YES;
				IPHONEOS_DEPLOYMENT_TARGET = 13.6;
				MTL_ENABLE_DEBUG_INFO = INCLUDE_SOURCE;
				MTL_FAST_MATH = YES;
				ONLY_ACTIVE_ARCH = YES;
				SDKROOT = iphoneos;
				SWIFT_ACTIVE_COMPILATION_CONDITIONS = DEBUG;
				SWIFT_OPTIMIZATION_LEVEL = "-Onone";
			};
			name = Debug;
		};
		BDD18CFD2546E5EC00974FB4 /* Release */ = {
			isa = XCBuildConfiguration;
			buildSettings = {
				ALWAYS_SEARCH_USER_PATHS = NO;
				CLANG_ANALYZER_NONNULL = YES;
				CLANG_ANALYZER_NUMBER_OBJECT_CONVERSION = YES_AGGRESSIVE;
				CLANG_CXX_LANGUAGE_STANDARD = "gnu++14";
				CLANG_CXX_LIBRARY = "libc++";
				CLANG_ENABLE_MODULES = YES;
				CLANG_ENABLE_OBJC_ARC = YES;
				CLANG_ENABLE_OBJC_WEAK = YES;
				CLANG_WARN_BLOCK_CAPTURE_AUTORELEASING = YES;
				CLANG_WARN_BOOL_CONVERSION = YES;
				CLANG_WARN_COMMA = YES;
				CLANG_WARN_CONSTANT_CONVERSION = YES;
				CLANG_WARN_DEPRECATED_OBJC_IMPLEMENTATIONS = YES;
				CLANG_WARN_DIRECT_OBJC_ISA_USAGE = YES_ERROR;
				CLANG_WARN_DOCUMENTATION_COMMENTS = YES;
				CLANG_WARN_EMPTY_BODY = YES;
				CLANG_WARN_ENUM_CONVERSION = YES;
				CLANG_WARN_INFINITE_RECURSION = YES;
				CLANG_WARN_INT_CONVERSION = YES;
				CLANG_WARN_NON_LITERAL_NULL_CONVERSION = YES;
				CLANG_WARN_OBJC_IMPLICIT_RETAIN_SELF = YES;
				CLANG_WARN_OBJC_LITERAL_CONVERSION = YES;
				CLANG_WARN_OBJC_ROOT_CLASS = YES_ERROR;
				CLANG_WARN_QUOTED_INCLUDE_IN_FRAMEWORK_HEADER = YES;
				CLANG_WARN_RANGE_LOOP_ANALYSIS = YES;
				CLANG_WARN_STRICT_PROTOTYPES = YES;
				CLANG_WARN_SUSPICIOUS_MOVE = YES;
				CLANG_WARN_UNGUARDED_AVAILABILITY = YES_AGGRESSIVE;
				CLANG_WARN_UNREACHABLE_CODE = YES;
				CLANG_WARN__DUPLICATE_METHOD_MATCH = YES;
				COPY_PHASE_STRIP = NO;
				DEBUG_INFORMATION_FORMAT = "dwarf-with-dsym";
				ENABLE_NS_ASSERTIONS = NO;
				ENABLE_STRICT_OBJC_MSGSEND = YES;
				GCC_C_LANGUAGE_STANDARD = gnu11;
				GCC_NO_COMMON_BLOCKS = YES;
				GCC_WARN_64_TO_32_BIT_CONVERSION = YES;
				GCC_WARN_ABOUT_RETURN_TYPE = YES_ERROR;
				GCC_WARN_UNDECLARED_SELECTOR = YES;
				GCC_WARN_UNINITIALIZED_AUTOS = YES_AGGRESSIVE;
				GCC_WARN_UNUSED_FUNCTION = YES;
				GCC_WARN_UNUSED_VARIABLE = YES;
				IPHONEOS_DEPLOYMENT_TARGET = 13.6;
				MTL_ENABLE_DEBUG_INFO = NO;
				MTL_FAST_MATH = YES;
				SDKROOT = iphoneos;
				SWIFT_COMPILATION_MODE = wholemodule;
				SWIFT_OPTIMIZATION_LEVEL = "-O";
				VALIDATE_PRODUCT = YES;
			};
			name = Release;
		};
		BDD18CFF2546E5EC00974FB4 /* Debug */ = {
			isa = XCBuildConfiguration;
			baseConfigurationReference = 0B53A19D9BB8499500CE46F2 /* Pods-IssueTrackerApp.debug.xcconfig */;
			buildSettings = {
				ALWAYS_EMBED_SWIFT_STANDARD_LIBRARIES = YES;
				ASSETCATALOG_COMPILER_APPICON_NAME = AppIcon;
				ASSETCATALOG_COMPILER_GLOBAL_ACCENT_COLOR_NAME = AccentColor;
				CODE_SIGN_ENTITLEMENTS = IssueTrackerApp/IssueTrackerApp.entitlements;
				CODE_SIGN_STYLE = Automatic;
				DEVELOPMENT_TEAM = B3PWYBKFUK;
				INFOPLIST_FILE = IssueTrackerApp/Info.plist;
				LD_RUNPATH_SEARCH_PATHS = (
					"$(inherited)",
					"@executable_path/Frameworks",
				);
				PRODUCT_BUNDLE_IDENTIFIER = com.felix.IssueTrackerApp;
				PRODUCT_NAME = "$(TARGET_NAME)";
				SWIFT_VERSION = 5.0;
				TARGETED_DEVICE_FAMILY = "1,2";
			};
			name = Debug;
		};
		BDD18D002546E5EC00974FB4 /* Release */ = {
			isa = XCBuildConfiguration;
			baseConfigurationReference = D4EADA6AA7F2815DF6270443 /* Pods-IssueTrackerApp.release.xcconfig */;
			buildSettings = {
				ALWAYS_EMBED_SWIFT_STANDARD_LIBRARIES = YES;
				ASSETCATALOG_COMPILER_APPICON_NAME = AppIcon;
				ASSETCATALOG_COMPILER_GLOBAL_ACCENT_COLOR_NAME = AccentColor;
				CODE_SIGN_ENTITLEMENTS = IssueTrackerApp/IssueTrackerApp.entitlements;
				CODE_SIGN_STYLE = Automatic;
				DEVELOPMENT_TEAM = B3PWYBKFUK;
				INFOPLIST_FILE = IssueTrackerApp/Info.plist;
				LD_RUNPATH_SEARCH_PATHS = (
					"$(inherited)",
					"@executable_path/Frameworks",
				);
				PRODUCT_BUNDLE_IDENTIFIER = com.felix.IssueTrackerApp;
				PRODUCT_NAME = "$(TARGET_NAME)";
				SWIFT_VERSION = 5.0;
				TARGETED_DEVICE_FAMILY = "1,2";
			};
			name = Release;
		};
/* End XCBuildConfiguration section */

/* Begin XCConfigurationList section */
		BD02F13D25512F500013C643 /* Build configuration list for PBXNativeTarget "KeychainService" */ = {
			isa = XCConfigurationList;
			buildConfigurations = (
				BD02F13B25512F500013C643 /* Debug */,
				BD02F13C25512F500013C643 /* Release */,
			);
			defaultConfigurationIsVisible = 0;
			defaultConfigurationName = Release;
		};
		BDD18CE52546E5E900974FB4 /* Build configuration list for PBXProject "IssueTrackerApp" */ = {
			isa = XCConfigurationList;
			buildConfigurations = (
				BDD18CFC2546E5EC00974FB4 /* Debug */,
				BDD18CFD2546E5EC00974FB4 /* Release */,
			);
			defaultConfigurationIsVisible = 0;
			defaultConfigurationName = Release;
		};
		BDD18CFE2546E5EC00974FB4 /* Build configuration list for PBXNativeTarget "IssueTrackerApp" */ = {
			isa = XCConfigurationList;
			buildConfigurations = (
				BDD18CFF2546E5EC00974FB4 /* Debug */,
				BDD18D002546E5EC00974FB4 /* Release */,
			);
			defaultConfigurationIsVisible = 0;
			defaultConfigurationName = Release;
		};
/* End XCConfigurationList section */
	};
	rootObject = BDD18CE22546E5E900974FB4 /* Project object */;
}
