// !$*UTF8*$!
{
	archiveVersion = 1;
	classes = {
	};
	objectVersion = 50;
	objects = {

/* Begin PBXBuildFile section */
		5C4F34802547DAEE00E41121 /* LoginValidator.swift in Sources */ = {isa = PBXBuildFile; fileRef = 5C4F347F2547DAEE00E41121 /* LoginValidator.swift */; };
		5C4F34842547E3BF00E41121 /* LoginViewModel.swift in Sources */ = {isa = PBXBuildFile; fileRef = 5C4F34832547E3BF00E41121 /* LoginViewModel.swift */; };
		5CFED72E25492EE200DE811F /* SceneDelegate.swift in Sources */ = {isa = PBXBuildFile; fileRef = 5CFED72B25492EE200DE811F /* SceneDelegate.swift */; };
		5CFED72F25492EE200DE811F /* IssueViewController.swift in Sources */ = {isa = PBXBuildFile; fileRef = 5CFED72C25492EE200DE811F /* IssueViewController.swift */; };
		5CFED73025492EE200DE811F /* AppDelegate.swift in Sources */ = {isa = PBXBuildFile; fileRef = 5CFED72D25492EE200DE811F /* AppDelegate.swift */; };
		5CFED7332549325300DE811F /* IssueSection.swift in Sources */ = {isa = PBXBuildFile; fileRef = 5CFED7322549325300DE811F /* IssueSection.swift */; };
		BD090CF825480C3500454C79 /* Issue.swift in Sources */ = {isa = PBXBuildFile; fileRef = BD090CF725480C3500454C79 /* Issue.swift */; };
		BD090CFB25480D1500454C79 /* IssueList.swift in Sources */ = {isa = PBXBuildFile; fileRef = BD090CFA25480D1500454C79 /* IssueList.swift */; };
		BD090CFE254815BA00454C79 /* IssueCell.swift in Sources */ = {isa = PBXBuildFile; fileRef = BD090CFD254815BA00454C79 /* IssueCell.swift */; };
		BD090D012548211300454C79 /* IssueHeader.swift in Sources */ = {isa = PBXBuildFile; fileRef = BD090D002548211300454C79 /* IssueHeader.swift */; };
		BD090D1B2548399700454C79 /* Main.storyboard in Resources */ = {isa = PBXBuildFile; fileRef = BD090D1A2548399700454C79 /* Main.storyboard */; };
		BD090D2225483AD100454C79 /* LoginViewController.swift in Sources */ = {isa = PBXBuildFile; fileRef = BD090D2125483AD100454C79 /* LoginViewController.swift */; };
		BDD18CF72546E5EC00974FB4 /* Assets.xcassets in Resources */ = {isa = PBXBuildFile; fileRef = BDD18CF62546E5EC00974FB4 /* Assets.xcassets */; };
		BDD18CFA2546E5EC00974FB4 /* LaunchScreen.storyboard in Resources */ = {isa = PBXBuildFile; fileRef = BDD18CF82546E5EC00974FB4 /* LaunchScreen.storyboard */; };
		BDD18D032547B4D000974FB4 /* SignInButton.swift in Sources */ = {isa = PBXBuildFile; fileRef = BDD18D022547B4D000974FB4 /* SignInButton.swift */; };
/* End PBXBuildFile section */

/* Begin PBXFileReference section */
		5C4F347F2547DAEE00E41121 /* LoginValidator.swift */ = {isa = PBXFileReference; lastKnownFileType = sourcecode.swift; path = LoginValidator.swift; sourceTree = "<group>"; };
		5C4F34832547E3BF00E41121 /* LoginViewModel.swift */ = {isa = PBXFileReference; lastKnownFileType = sourcecode.swift; path = LoginViewModel.swift; sourceTree = "<group>"; };
		5CFED72B25492EE200DE811F /* SceneDelegate.swift */ = {isa = PBXFileReference; fileEncoding = 4; lastKnownFileType = sourcecode.swift; path = SceneDelegate.swift; sourceTree = "<group>"; };
		5CFED72C25492EE200DE811F /* IssueViewController.swift */ = {isa = PBXFileReference; fileEncoding = 4; lastKnownFileType = sourcecode.swift; path = IssueViewController.swift; sourceTree = "<group>"; };
		5CFED72D25492EE200DE811F /* AppDelegate.swift */ = {isa = PBXFileReference; fileEncoding = 4; lastKnownFileType = sourcecode.swift; path = AppDelegate.swift; sourceTree = "<group>"; };
		5CFED7322549325300DE811F /* IssueSection.swift */ = {isa = PBXFileReference; lastKnownFileType = sourcecode.swift; path = IssueSection.swift; sourceTree = "<group>"; };
		BD090CF725480C3500454C79 /* Issue.swift */ = {isa = PBXFileReference; lastKnownFileType = sourcecode.swift; path = Issue.swift; sourceTree = "<group>"; };
		BD090CFA25480D1500454C79 /* IssueList.swift */ = {isa = PBXFileReference; lastKnownFileType = sourcecode.swift; path = IssueList.swift; sourceTree = "<group>"; };
		BD090CFD254815BA00454C79 /* IssueCell.swift */ = {isa = PBXFileReference; lastKnownFileType = sourcecode.swift; path = IssueCell.swift; sourceTree = "<group>"; };
		BD090D002548211300454C79 /* IssueHeader.swift */ = {isa = PBXFileReference; lastKnownFileType = sourcecode.swift; path = IssueHeader.swift; sourceTree = "<group>"; };
		BD090D1A2548399700454C79 /* Main.storyboard */ = {isa = PBXFileReference; lastKnownFileType = file.storyboard; path = Main.storyboard; sourceTree = "<group>"; };
		BD090D2125483AD100454C79 /* LoginViewController.swift */ = {isa = PBXFileReference; fileEncoding = 4; lastKnownFileType = sourcecode.swift; path = LoginViewController.swift; sourceTree = "<group>"; };
		BDD18CEA2546E5E900974FB4 /* IssueTrackerApp.app */ = {isa = PBXFileReference; explicitFileType = wrapper.application; includeInIndex = 0; path = IssueTrackerApp.app; sourceTree = BUILT_PRODUCTS_DIR; };
		BDD18CF62546E5EC00974FB4 /* Assets.xcassets */ = {isa = PBXFileReference; lastKnownFileType = folder.assetcatalog; path = Assets.xcassets; sourceTree = "<group>"; };
		BDD18CF92546E5EC00974FB4 /* Base */ = {isa = PBXFileReference; lastKnownFileType = file.storyboard; name = Base; path = Base.lproj/LaunchScreen.storyboard; sourceTree = "<group>"; };
		BDD18CFB2546E5EC00974FB4 /* Info.plist */ = {isa = PBXFileReference; lastKnownFileType = text.plist.xml; path = Info.plist; sourceTree = "<group>"; };
		BDD18D022547B4D000974FB4 /* SignInButton.swift */ = {isa = PBXFileReference; lastKnownFileType = sourcecode.swift; path = SignInButton.swift; sourceTree = "<group>"; };
/* End PBXFileReference section */

/* Begin PBXFrameworksBuildPhase section */
		BDD18CE72546E5E900974FB4 /* Frameworks */ = {
			isa = PBXFrameworksBuildPhase;
			buildActionMask = 2147483647;
			files = (
			);
			runOnlyForDeploymentPostprocessing = 0;
		};
/* End PBXFrameworksBuildPhase section */

/* Begin PBXGroup section */
		BDD18CE12546E5E900974FB4 = {
			isa = PBXGroup;
			children = (
				BDD18CEC2546E5E900974FB4 /* IssueTrackerApp */,
				BDD18CEB2546E5E900974FB4 /* Products */,
			);
			sourceTree = "<group>";
		};
		BDD18CEB2546E5E900974FB4 /* Products */ = {
			isa = PBXGroup;
			children = (
				BDD18CEA2546E5E900974FB4 /* IssueTrackerApp.app */,
			);
			name = Products;
			sourceTree = "<group>";
		};
		BDD18CEC2546E5E900974FB4 /* IssueTrackerApp */ = {
			isa = PBXGroup;
			children = (
				5CFED72D25492EE200DE811F /* AppDelegate.swift */,
				5CFED72C25492EE200DE811F /* IssueViewController.swift */,
				5CFED72B25492EE200DE811F /* SceneDelegate.swift */,
				BD090CF725480C3500454C79 /* Issue.swift */,
				BD090CFA25480D1500454C79 /* IssueList.swift */,
				BD090CFD254815BA00454C79 /* IssueCell.swift */,
				BD090D002548211300454C79 /* IssueHeader.swift */,
				BDD18CF62546E5EC00974FB4 /* Assets.xcassets */,
				BDD18CF82546E5EC00974FB4 /* LaunchScreen.storyboard */,
				BD090D1A2548399700454C79 /* Main.storyboard */,
				BDD18CFB2546E5EC00974FB4 /* Info.plist */,
				BDD18D022547B4D000974FB4 /* SignInButton.swift */,
				BD090D2125483AD100454C79 /* LoginViewController.swift */,
				5C4F347F2547DAEE00E41121 /* LoginValidator.swift */,
				5C4F34832547E3BF00E41121 /* LoginViewModel.swift */,
				5CFED7322549325300DE811F /* IssueSection.swift */,
			);
			path = IssueTrackerApp;
			sourceTree = "<group>";
		};
/* End PBXGroup section */

/* Begin PBXNativeTarget section */
		BDD18CE92546E5E900974FB4 /* IssueTrackerApp */ = {
			isa = PBXNativeTarget;
			buildConfigurationList = BDD18CFE2546E5EC00974FB4 /* Build configuration list for PBXNativeTarget "IssueTrackerApp" */;
			buildPhases = (
				BDD18CE62546E5E900974FB4 /* Sources */,
				BDD18CE72546E5E900974FB4 /* Frameworks */,
				BDD18CE82546E5E900974FB4 /* Resources */,
			);
			buildRules = (
			);
			dependencies = (
			);
			name = IssueTrackerApp;
			productName = IssueTrackerApp;
			productReference = BDD18CEA2546E5E900974FB4 /* IssueTrackerApp.app */;
			productType = "com.apple.product-type.application";
		};
/* End PBXNativeTarget section */

/* Begin PBXProject section */
		BDD18CE22546E5E900974FB4 /* Project object */ = {
			isa = PBXProject;
			attributes = {
				LastSwiftUpdateCheck = 1210;
				LastUpgradeCheck = 1210;
				TargetAttributes = {
					BDD18CE92546E5E900974FB4 = {
						CreatedOnToolsVersion = 12.1;
					};
				};
			};
			buildConfigurationList = BDD18CE52546E5E900974FB4 /* Build configuration list for PBXProject "IssueTrackerApp" */;
			compatibilityVersion = "Xcode 9.3";
			developmentRegion = en;
			hasScannedForEncodings = 0;
			knownRegions = (
				en,
				Base,
			);
			mainGroup = BDD18CE12546E5E900974FB4;
			productRefGroup = BDD18CEB2546E5E900974FB4 /* Products */;
			projectDirPath = "";
			projectRoot = "";
			targets = (
				BDD18CE92546E5E900974FB4 /* IssueTrackerApp */,
			);
		};
/* End PBXProject section */

/* Begin PBXResourcesBuildPhase section */
		BDD18CE82546E5E900974FB4 /* Resources */ = {
			isa = PBXResourcesBuildPhase;
			buildActionMask = 2147483647;
			files = (
				BD090D1B2548399700454C79 /* Main.storyboard in Resources */,
				BDD18CFA2546E5EC00974FB4 /* LaunchScreen.storyboard in Resources */,
				BDD18CF72546E5EC00974FB4 /* Assets.xcassets in Resources */,
			);
			runOnlyForDeploymentPostprocessing = 0;
		};
/* End PBXResourcesBuildPhase section */

/* Begin PBXSourcesBuildPhase section */
		BDD18CE62546E5E900974FB4 /* Sources */ = {
			isa = PBXSourcesBuildPhase;
			buildActionMask = 2147483647;
			files = (
				5CFED73025492EE200DE811F /* AppDelegate.swift in Sources */,
				5CFED72F25492EE200DE811F /* IssueViewController.swift in Sources */,
				BD090D2225483AD100454C79 /* LoginViewController.swift in Sources */,
				5CFED7332549325300DE811F /* IssueSection.swift in Sources */,
				BDD18D032547B4D000974FB4 /* SignInButton.swift in Sources */,
				5CFED72E25492EE200DE811F /* SceneDelegate.swift in Sources */,
				5C4F34842547E3BF00E41121 /* LoginViewModel.swift in Sources */,
				5C4F34802547DAEE00E41121 /* LoginValidator.swift in Sources */,
				BD090CFB25480D1500454C79 /* IssueList.swift in Sources */,
				BD090D012548211300454C79 /* IssueHeader.swift in Sources */,
				BD090CF825480C3500454C79 /* Issue.swift in Sources */,
				BD090CFE254815BA00454C79 /* IssueCell.swift in Sources */,
			);
			runOnlyForDeploymentPostprocessing = 0;
		};
/* End PBXSourcesBuildPhase section */

/* Begin PBXVariantGroup section */
		BDD18CF82546E5EC00974FB4 /* LaunchScreen.storyboard */ = {
			isa = PBXVariantGroup;
			children = (
				BDD18CF92546E5EC00974FB4 /* Base */,
			);
			name = LaunchScreen.storyboard;
			sourceTree = "<group>";
		};
/* End PBXVariantGroup section */

/* Begin XCBuildConfiguration section */
		BDD18CFC2546E5EC00974FB4 /* Debug */ = {
			isa = XCBuildConfiguration;
			buildSettings = {
				ALWAYS_SEARCH_USER_PATHS = NO;
				CLANG_ANALYZER_NONNULL = YES;
				CLANG_ANALYZER_NUMBER_OBJECT_CONVERSION = YES_AGGRESSIVE;
				CLANG_CXX_LANGUAGE_STANDARD = "gnu++14";
				CLANG_CXX_LIBRARY = "libc++";
				CLANG_ENABLE_MODULES = YES;
				CLANG_ENABLE_OBJC_ARC = YES;
				CLANG_ENABLE_OBJC_WEAK = YES;
				CLANG_WARN_BLOCK_CAPTURE_AUTORELEASING = YES;
				CLANG_WARN_BOOL_CONVERSION = YES;
				CLANG_WARN_COMMA = YES;
				CLANG_WARN_CONSTANT_CONVERSION = YES;
				CLANG_WARN_DEPRECATED_OBJC_IMPLEMENTATIONS = YES;
				CLANG_WARN_DIRECT_OBJC_ISA_USAGE = YES_ERROR;
				CLANG_WARN_DOCUMENTATION_COMMENTS = YES;
				CLANG_WARN_EMPTY_BODY = YES;
				CLANG_WARN_ENUM_CONVERSION = YES;
				CLANG_WARN_INFINITE_RECURSION = YES;
				CLANG_WARN_INT_CONVERSION = YES;
				CLANG_WARN_NON_LITERAL_NULL_CONVERSION = YES;
				CLANG_WARN_OBJC_IMPLICIT_RETAIN_SELF = YES;
				CLANG_WARN_OBJC_LITERAL_CONVERSION = YES;
				CLANG_WARN_OBJC_ROOT_CLASS = YES_ERROR;
				CLANG_WARN_QUOTED_INCLUDE_IN_FRAMEWORK_HEADER = YES;
				CLANG_WARN_RANGE_LOOP_ANALYSIS = YES;
				CLANG_WARN_STRICT_PROTOTYPES = YES;
				CLANG_WARN_SUSPICIOUS_MOVE = YES;
				CLANG_WARN_UNGUARDED_AVAILABILITY = YES_AGGRESSIVE;
				CLANG_WARN_UNREACHABLE_CODE = YES;
				CLANG_WARN__DUPLICATE_METHOD_MATCH = YES;
				COPY_PHASE_STRIP = NO;
				DEBUG_INFORMATION_FORMAT = dwarf;
				ENABLE_STRICT_OBJC_MSGSEND = YES;
				ENABLE_TESTABILITY = YES;
				GCC_C_LANGUAGE_STANDARD = gnu11;
				GCC_DYNAMIC_NO_PIC = NO;
				GCC_NO_COMMON_BLOCKS = YES;
				GCC_OPTIMIZATION_LEVEL = 0;
				GCC_PREPROCESSOR_DEFINITIONS = (
					"DEBUG=1",
					"$(inherited)",
				);
				GCC_WARN_64_TO_32_BIT_CONVERSION = YES;
				GCC_WARN_ABOUT_RETURN_TYPE = YES_ERROR;
				GCC_WARN_UNDECLARED_SELECTOR = YES;
				GCC_WARN_UNINITIALIZED_AUTOS = YES_AGGRESSIVE;
				GCC_WARN_UNUSED_FUNCTION = YES;
				GCC_WARN_UNUSED_VARIABLE = YES;
				IPHONEOS_DEPLOYMENT_TARGET = 14.1;
				MTL_ENABLE_DEBUG_INFO = INCLUDE_SOURCE;
				MTL_FAST_MATH = YES;
				ONLY_ACTIVE_ARCH = YES;
				SDKROOT = iphoneos;
				SWIFT_ACTIVE_COMPILATION_CONDITIONS = DEBUG;
				SWIFT_OPTIMIZATION_LEVEL = "-Onone";
			};
			name = Debug;
		};
		BDD18CFD2546E5EC00974FB4 /* Release */ = {
			isa = XCBuildConfiguration;
			buildSettings = {
				ALWAYS_SEARCH_USER_PATHS = NO;
				CLANG_ANALYZER_NONNULL = YES;
				CLANG_ANALYZER_NUMBER_OBJECT_CONVERSION = YES_AGGRESSIVE;
				CLANG_CXX_LANGUAGE_STANDARD = "gnu++14";
				CLANG_CXX_LIBRARY = "libc++";
				CLANG_ENABLE_MODULES = YES;
				CLANG_ENABLE_OBJC_ARC = YES;
				CLANG_ENABLE_OBJC_WEAK = YES;
				CLANG_WARN_BLOCK_CAPTURE_AUTORELEASING = YES;
				CLANG_WARN_BOOL_CONVERSION = YES;
				CLANG_WARN_COMMA = YES;
				CLANG_WARN_CONSTANT_CONVERSION = YES;
				CLANG_WARN_DEPRECATED_OBJC_IMPLEMENTATIONS = YES;
				CLANG_WARN_DIRECT_OBJC_ISA_USAGE = YES_ERROR;
				CLANG_WARN_DOCUMENTATION_COMMENTS = YES;
				CLANG_WARN_EMPTY_BODY = YES;
				CLANG_WARN_ENUM_CONVERSION = YES;
				CLANG_WARN_INFINITE_RECURSION = YES;
				CLANG_WARN_INT_CONVERSION = YES;
				CLANG_WARN_NON_LITERAL_NULL_CONVERSION = YES;
				CLANG_WARN_OBJC_IMPLICIT_RETAIN_SELF = YES;
				CLANG_WARN_OBJC_LITERAL_CONVERSION = YES;
				CLANG_WARN_OBJC_ROOT_CLASS = YES_ERROR;
				CLANG_WARN_QUOTED_INCLUDE_IN_FRAMEWORK_HEADER = YES;
				CLANG_WARN_RANGE_LOOP_ANALYSIS = YES;
				CLANG_WARN_STRICT_PROTOTYPES = YES;
				CLANG_WARN_SUSPICIOUS_MOVE = YES;
				CLANG_WARN_UNGUARDED_AVAILABILITY = YES_AGGRESSIVE;
				CLANG_WARN_UNREACHABLE_CODE = YES;
				CLANG_WARN__DUPLICATE_METHOD_MATCH = YES;
				COPY_PHASE_STRIP = NO;
				DEBUG_INFORMATION_FORMAT = "dwarf-with-dsym";
				ENABLE_NS_ASSERTIONS = NO;
				ENABLE_STRICT_OBJC_MSGSEND = YES;
				GCC_C_LANGUAGE_STANDARD = gnu11;
				GCC_NO_COMMON_BLOCKS = YES;
				GCC_WARN_64_TO_32_BIT_CONVERSION = YES;
				GCC_WARN_ABOUT_RETURN_TYPE = YES_ERROR;
				GCC_WARN_UNDECLARED_SELECTOR = YES;
				GCC_WARN_UNINITIALIZED_AUTOS = YES_AGGRESSIVE;
				GCC_WARN_UNUSED_FUNCTION = YES;
				GCC_WARN_UNUSED_VARIABLE = YES;
				IPHONEOS_DEPLOYMENT_TARGET = 14.1;
				MTL_ENABLE_DEBUG_INFO = NO;
				MTL_FAST_MATH = YES;
				SDKROOT = iphoneos;
				SWIFT_COMPILATION_MODE = wholemodule;
				SWIFT_OPTIMIZATION_LEVEL = "-O";
				VALIDATE_PRODUCT = YES;
			};
			name = Release;
		};
		BDD18CFF2546E5EC00974FB4 /* Debug */ = {
			isa = XCBuildConfiguration;
			buildSettings = {
				ASSETCATALOG_COMPILER_APPICON_NAME = AppIcon;
				ASSETCATALOG_COMPILER_GLOBAL_ACCENT_COLOR_NAME = AccentColor;
				CODE_SIGN_STYLE = Automatic;
				DEVELOPMENT_TEAM = B3PWYBKFUK;
				INFOPLIST_FILE = IssueTrackerApp/Info.plist;
				LD_RUNPATH_SEARCH_PATHS = (
					"$(inherited)",
					"@executable_path/Frameworks",
				);
				PRODUCT_BUNDLE_IDENTIFIER = com.felix.IssueTrackerApp;
				PRODUCT_NAME = "$(TARGET_NAME)";
				SWIFT_VERSION = 5.0;
				TARGETED_DEVICE_FAMILY = "1,2";
			};
			name = Debug;
		};
		BDD18D002546E5EC00974FB4 /* Release */ = {
			isa = XCBuildConfiguration;
			buildSettings = {
				ASSETCATALOG_COMPILER_APPICON_NAME = AppIcon;
				ASSETCATALOG_COMPILER_GLOBAL_ACCENT_COLOR_NAME = AccentColor;
				CODE_SIGN_STYLE = Automatic;
				DEVELOPMENT_TEAM = B3PWYBKFUK;
				INFOPLIST_FILE = IssueTrackerApp/Info.plist;
				LD_RUNPATH_SEARCH_PATHS = (
					"$(inherited)",
					"@executable_path/Frameworks",
				);
				PRODUCT_BUNDLE_IDENTIFIER = com.felix.IssueTrackerApp;
				PRODUCT_NAME = "$(TARGET_NAME)";
				SWIFT_VERSION = 5.0;
				TARGETED_DEVICE_FAMILY = "1,2";
			};
			name = Release;
		};
/* End XCBuildConfiguration section */

/* Begin XCConfigurationList section */
		BDD18CE52546E5E900974FB4 /* Build configuration list for PBXProject "IssueTrackerApp" */ = {
			isa = XCConfigurationList;
			buildConfigurations = (
				BDD18CFC2546E5EC00974FB4 /* Debug */,
				BDD18CFD2546E5EC00974FB4 /* Release */,
			);
			defaultConfigurationIsVisible = 0;
			defaultConfigurationName = Release;
		};
		BDD18CFE2546E5EC00974FB4 /* Build configuration list for PBXNativeTarget "IssueTrackerApp" */ = {
			isa = XCConfigurationList;
			buildConfigurations = (
				BDD18CFF2546E5EC00974FB4 /* Debug */,
				BDD18D002546E5EC00974FB4 /* Release */,
			);
			defaultConfigurationIsVisible = 0;
			defaultConfigurationName = Release;
		};
/* End XCConfigurationList section */
	};
	rootObject = BDD18CE22546E5E900974FB4 /* Project object */;
}
